
Microsoft Visual Studio Solution File, Format Version 12.00
# Visual Studio Version 17
VisualStudioVersion = 17.7.34202.233
MinimumVisualStudioVersion = 10.0.40219.1
Project("{54A90642-561A-4BB1-A94E-469ADEE60C69}") = "react-auth", "react-auth\react-auth.esproj", "{6181BDF9-EB2C-434E-BAE8-2919D06F1FDF}"
EndProject
Global
	GlobalSection(SolutionConfigurationPlatforms) = preSolution
		Debug|Any CPU = Debug|Any CPU
		Release|Any CPU = Release|Any CPU
	EndGlobalSection
	GlobalSection(ProjectConfigurationPlatforms) = postSolution
		{6181BDF9-EB2C-434E-BAE8-2919D06F1FDF}.Debug|Any CPU.ActiveCfg = Debug|Any CPU
		{6181BDF9-EB2C-434E-BAE8-2919D06F1FDF}.Debug|Any CPU.Build.0 = Debug|Any CPU
		{6181BDF9-EB2C-434E-BAE8-2919D06F1FDF}.Debug|Any CPU.Deploy.0 = Debug|Any CPU
		{6181BDF9-EB2C-434E-BAE8-2919D06F1FDF}.Release|Any CPU.ActiveCfg = Release|Any CPU
		{6181BDF9-EB2C-434E-BAE8-2919D06F1FDF}.Release|Any CPU.Build.0 = Release|Any CPU
		{6181BDF9-EB2C-434E-BAE8-2919D06F1FDF}.Release|Any CPU.Deploy.0 = Release|Any CPU
	EndGlobalSection
	GlobalSection(SolutionProperties) = preSolution
		HideSolutionNode = FALSE
	EndGlobalSection
	GlobalSection(ExtensibilityGlobals) = postSolution
		SolutionGuid = {56470A86-A755-4F34-A62B-002F20E3715B}
	EndGlobalSection
EndGlobal
